# This file is autogenerated, do not edit; changes may be undone by the next 'dep ensure'.


[[projects]]
  branch = "master"
  name = "github.com/go-gl/glfw"
  packages = ["v3.2/glfw"]
  revision = "513e4f2bf85c31fba0fc4907abd7895242ccbe50"

[solve-meta]
  analyzer-name = "dep"
  analyzer-version = 1
  inputs-digest = "e636ab734115ccc71aa0a0e401c93bdb6cc96dcc2e3a495c7f803c0b9f05dd26"
  solver-name = "gps-cdcl"
  solver-version = 1
